PODS:
  - AsyncSwift (2.0.4)
  - AwaitKit (5.0.1):
    - PromiseKit (~> 6)
  - Bartinter (0.0.4)
  - BiometricAuthentication (2.1)
  - CocoaDebug (0.1.4)
  - Crashlytics (3.10.9):
    - Fabric (~> 1.7.13)
  - CryptoSwift (0.12.0)
  - Device (3.1.2)
  - DifferenceKit (0.7.2):
    - DifferenceKit/Core (= 0.7.2)
    - DifferenceKit/UIKitExtension (= 0.7.2)
  - DifferenceKit/Core (0.7.2)
  - DifferenceKit/UIKitExtension (0.7.2):
    - DifferenceKit/Core
  - Dollar (7.1.0)
  - EFQRCode (4.3.0)
  - ESPullToRefresh (2.8)
  - Fabric (1.7.13)
  - FCUUID (1.3.1):
    - UICKeyChainStore (~> 2.1.0)
  - FGRoute (1.0.4)
  - GrowingTextView (0.6.1)
  - Guitar (0.5.0)
  - Hydra (1.3.6)
  - IQKeyboardManagerSwift (6.2.0)
  - JHChainableAnimations (3.0.1)
  - KeychainAccess (3.1.2)
  - KMNavigationBarTransition (1.1.5)
  - KUIPopOver (1.1.0)
  - Lightning (2.0.0)
  - Localize-Swift (2.0.0)
  - Macaw (0.9.3):
    - SWXMLHash
  - MonkeyKing (1.12.1)
  - Nimble (7.3.1)
  - PocketSVG (2.4.1)
  - Presentr (1.3.2)
  - PromiseKit (6.5.2):
    - PromiseKit/CorePromise (= 6.5.2)
    - PromiseKit/Foundation (= 6.5.2)
    - PromiseKit/UIKit (= 6.5.2)
  - PromiseKit/CorePromise (6.5.2)
  - PromiseKit/Foundation (6.5.2):
    - PromiseKit/CorePromise
  - PromiseKit/UIKit (6.5.2):
    - PromiseKit/CorePromise
  - Proposer (1.2.1)
  - Quick (1.3.2)
  - R.swift (5.0.0.alpha.2):
    - R.swift.Library (~> 5.0.0.alpha.2)
  - R.swift.Library (5.0.0.alpha.2)
  - RealReachability (1.3.0):
    - RealReachability/Connection (= 1.3.0)
    - RealReachability/Ping (= 1.3.0)
  - RealReachability/Connection (1.3.0)
  - RealReachability/Ping (1.3.0)
  - Repeat (0.5.7)
  - ReSwift (4.0.1)
  - Reveal-SDK (18)
  - SDCAlertView (8.1)
  - Siren (3.7.2)
  - SwiftDate (5.0.10)
  - SwifterSwift (4.6.0):
    - SwifterSwift/AppKit (= 4.6.0)
    - SwifterSwift/CoreGraphics (= 4.6.0)
    - SwifterSwift/CoreLocation (= 4.6.0)
    - SwifterSwift/Foundation (= 4.6.0)
    - SwifterSwift/MapKit (= 4.6.0)
    - SwifterSwift/SpriteKit (= 4.6.0)
    - SwifterSwift/SwiftStdlib (= 4.6.0)
    - SwifterSwift/UIKit (= 4.6.0)
  - SwifterSwift/AppKit (4.6.0)
  - SwifterSwift/CoreGraphics (4.6.0)
  - SwifterSwift/CoreLocation (4.6.0)
  - SwifterSwift/Foundation (4.6.0)
  - SwifterSwift/MapKit (4.6.0)
  - SwifterSwift/SpriteKit (4.6.0)
  - SwifterSwift/SwiftStdlib (4.6.0)
  - SwifterSwift/UIKit (4.6.0)
  - SwiftRichString (2.0.4)
  - SwiftyBeaver (1.6.1)
  - SwiftyJSON (4.2.0)
  - SwiftyUserDefaults (4.0.0-alpha.1)
  - SWXMLHash (4.7.4)
  - TagListView (1.3.1)
  - TinyConstraints (3.2.1)
  - UICKeyChainStore (2.1.2)
  - UIFontComplete (3.0.0)
  - URLNavigator (2.1.0)

DEPENDENCIES:
  - AsyncSwift
  - AwaitKit
  - Bartinter
  - BiometricAuthentication
  - CocoaDebug
  - Crashlytics
  - CryptoSwift
  - Device
  - DifferenceKit (from `https://github.com/ra1028/DifferenceKit`, branch `master`)
  - Dollar
  - EFQRCode
  - ESPullToRefresh (from `https://github.com/eggswift/pull-to-refresh`, branch `master`)
  - Fabric
  - FCUUID
  - FGRoute
  - GrowingTextView (= 0.6.1)
  - Guitar
  - Hydra
  - IQKeyboardManagerSwift
  - JHChainableAnimations
  - KeychainAccess
  - KMNavigationBarTransition
  - KUIPopOver
  - Lightning
  - Localize-Swift
  - Macaw (from `https://github.com/exyte/Macaw`, branch `master`)
  - MonkeyKing (from `https://github.com/nixzhu/MonkeyKing`, branch `master`)
  - Nimble
  - PocketSVG
  - Presentr
  - Proposer
  - Quick
  - R.swift (from `https://github.com/mac-cain13/R.swift`, branch `master`)
  - RealReachability
  - Repeat
  - ReSwift
  - Reveal-SDK
  - SDCAlertView (from `https://github.com/sberrevoets/SDCAlertView`, branch `swift-4.2`)
  - Siren
  - SwiftDate
  - SwifterSwift (from `https://github.com/SwifterSwift/SwifterSwift`, branch `master`)
  - SwiftRichString (from `https://github.com/mezhevikin/SwiftRichString`, branch `swift4.2`)
  - SwiftyBeaver
  - SwiftyJSON
  - SwiftyUserDefaults (from `https://github.com/radex/SwiftyUserDefaults`, tag `4.0.0-alpha.1`)
  - TagListView (from `https://github.com/ElaWorkshop/TagListView`, branch `master`)
  - TinyConstraints (from `https://github.com/roberthein/TinyConstraints`, branch `release/Swift-4.2`)
  - UIFontComplete
  - URLNavigator

SPEC REPOS:
  https://github.com/cocoapods/specs.git:
    - AsyncSwift
    - AwaitKit
    - Bartinter
    - BiometricAuthentication
    - CocoaDebug
    - Crashlytics
    - CryptoSwift
    - Device
    - Dollar
    - EFQRCode
    - Fabric
    - FCUUID
    - FGRoute
    - GrowingTextView
    - Guitar
    - Hydra
    - IQKeyboardManagerSwift
    - JHChainableAnimations
    - KeychainAccess
    - KMNavigationBarTransition
    - KUIPopOver
    - Lightning
    - Localize-Swift
    - Nimble
    - PocketSVG
    - Presentr
    - PromiseKit
    - Proposer
    - Quick
    - R.swift.Library
    - RealReachability
    - Repeat
    - ReSwift
    - Reveal-SDK
    - Siren
    - SwiftDate
    - SwiftyBeaver
    - SwiftyJSON
    - SWXMLHash
    - UICKeyChainStore
    - UIFontComplete
    - URLNavigator

EXTERNAL SOURCES:
  DifferenceKit:
    :branch: master
    :git: https://github.com/ra1028/DifferenceKit
  ESPullToRefresh:
    :branch: master
    :git: https://github.com/eggswift/pull-to-refresh
  Macaw:
    :branch: master
    :git: https://github.com/exyte/Macaw
  MonkeyKing:
    :branch: master
    :git: https://github.com/nixzhu/MonkeyKing
  R.swift:
    :branch: master
    :git: https://github.com/mac-cain13/R.swift
  SDCAlertView:
    :branch: swift-4.2
    :git: https://github.com/sberrevoets/SDCAlertView
  SwifterSwift:
    :branch: master
    :git: https://github.com/SwifterSwift/SwifterSwift
  SwiftRichString:
    :branch: swift4.2
    :git: https://github.com/mezhevikin/SwiftRichString
  SwiftyUserDefaults:
    :git: https://github.com/radex/SwiftyUserDefaults
    :tag: 4.0.0-alpha.1
  TagListView:
    :branch: master
    :git: https://github.com/ElaWorkshop/TagListView
  TinyConstraints:
    :branch: release/Swift-4.2
    :git: https://github.com/roberthein/TinyConstraints

CHECKOUT OPTIONS:
  DifferenceKit:
    :commit: dc186d7493e749b776ef325c721b9871dd8a405d
    :git: https://github.com/ra1028/DifferenceKit
  ESPullToRefresh:
    :commit: f6bc99ccd8f7bf24a9eb6c79ede8ef876119f7fe
    :git: https://github.com/eggswift/pull-to-refresh
  Macaw:
    :commit: 2cf6afef1ff8d191486f1ff975b028b9f4396221
    :git: https://github.com/exyte/Macaw
  MonkeyKing:
    :commit: 23f407a62ff41624a3888ff4b8ed65de0c2e7051
    :git: https://github.com/nixzhu/MonkeyKing
  R.swift:
    :commit: e57846d139ad4b2f15c7c2258200b5c8771d05b4
    :git: https://github.com/mac-cain13/R.swift
  SDCAlertView:
    :commit: 845954c0d3bba8c7d0b70563bd7ea264f438f018
    :git: https://github.com/sberrevoets/SDCAlertView
  SwifterSwift:
    :commit: a2b8e2d6691b08c210c1630917dd6872b74a2fa2
    :git: https://github.com/SwifterSwift/SwifterSwift
  SwiftRichString:
    :commit: b1f2d15d7c274c1b64321d43b7aec404b12b38d8
    :git: https://github.com/mezhevikin/SwiftRichString
  SwiftyUserDefaults:
    :git: https://github.com/radex/SwiftyUserDefaults
    :tag: 4.0.0-alpha.1
  TagListView:
    :commit: 60e799080de57d8100be62402f74f9a8a123fbcb
    :git: https://github.com/ElaWorkshop/TagListView
  TinyConstraints:
    :commit: 6e7e5bcb68368bac126adb2d847b164dc033249e
    :git: https://github.com/roberthein/TinyConstraints

SPEC CHECKSUMS:
  AsyncSwift: 65775a7b32e740609b24969ece3de58723b9dc3e
  AwaitKit: a6d0b0b6d603cedda8ef1c1c249b8d6730359917
  Bartinter: cfc2ebf2fb8560a7d878dcbdc7d3c667c79090c9
  BiometricAuthentication: 6928c01583bc707f92c11349f190d5ae052217d3
  CocoaDebug: e8c15c3115b83ad54bb05e8cf6ef3d8dce802f70
  Crashlytics: 55e24fc23989680285a21cb1146578d9d18e432c
  CryptoSwift: 1c07ca50843dd48bc54e6ea53d7a4dba3b645716
  Device: 62242076214c30fb5760174b3601cefafa70a481
  DifferenceKit: 5179eaf0e76a1b9fbaeb93f4c1a82510be63ca65
  Dollar: dc69a2997fa5df12ae7a91fec897963664c26750
  EFQRCode: 51b67bd10952da9ef619ae0a396abb746b94263f
  ESPullToRefresh: 441449eca0618977890516b5665775f705e70c4d
  Fabric: 25d0963b691fc97be566392243ff0ecef5a68338
  FCUUID: bb054fc90cd7cd99320f9f6ff8e130fe607fba05
  FGRoute: 5a1da5e6702e672b07409904b0db50159c5711be
  GrowingTextView: 335aefa45df7df06b01edede1363414d6ee5d6bc
  Guitar: 84256d4716829d44c0c5f1c029bd8c146bdcc957
  Hydra: 50680e3e2fa16a678781d5c10c409c84bc4406b3
  IQKeyboardManagerSwift: b07ccf9d8cafe993dcd6cb794eb4ba34611a0c4e
  JHChainableAnimations: 0237489ed063f0ec5b351f5c7bb26c1891517074
  KeychainAccess: b3816fddcf28aa29d94b10ec305cd52be14c472b
  KMNavigationBarTransition: 7a52c9bc25b39b6e3343e980b453facee1591b82
  KUIPopOver: ae64eac85f660171d9309b4715dd6b8f04f2e199
  Lightning: c6a02102c761491a4957c6265d9161dc5452c3bf
  Localize-Swift: c798ec9286494866f7068f85f7c71283ac5bdab4
  Macaw: e370d81f465ea1daa8a72d2afa218000bcd24f0a
  MonkeyKing: 280cdc68eb39f8b899b17fdfe994a695f6fdc636
  Nimble: 04f732da099ea4d153122aec8c2a88fd0c7219ae
  PocketSVG: 94d9740c885167f680b0175e00dd7c4153e129ab
  Presentr: 797ae6ec8904eaba4ec58a4c2065bd66e31569ea
  PromiseKit: 27c1601bfb73405871b805bcb8cf7e55c4dad3db
  Proposer: 97409ade1f80d8b19bba20972c03c9253bdd59b1
  Quick: 2623cb30d7a7f41ca62f684f679586558f483d46
  R.swift: 31fa1bd537fa81307815cc622122f33331f32174
  R.swift.Library: 3c21b823839bf5a6769dc7f96cb44479dab51b1b
  RealReachability: eae9c58d2db52fadd8e1cba4b5d4c028454fbc47
  Repeat: 73c5ee602aed8f3c7bf1aa12d4cd0d3dc3edea0a
  ReSwift: f4012c613e13da7398827fe5aebdb938eaed40a3
  Reveal-SDK: cce79388da3fd0bbb6ae19d769b906cfc3a33a89
  SDCAlertView: c497f7c812ccc06095d6f772aa282ebe1a216f4a
  Siren: d3e10df09c07d37a7f13d29ec78d760975c6da0b
  SwiftDate: fcdaa7ca22a903faf6d7ed231239a88d174dcae3
  SwifterSwift: 812ffec6f301922f5430e75be3f2939ea3a80024
  SwiftRichString: 2905437b6eb14a24e2e42f65ecaea582a8bcf6b8
  SwiftyBeaver: ccfcdf85a04d429f1633f668650b0ce8020bda3a
  SwiftyJSON: c4bcba26dd9ec7a027fc8eade48e2c911f229e96
  SwiftyUserDefaults: cebe0ff9472f52699772a514b6f7155861d8069b
  SWXMLHash: b35739a5cfd915c3b482977aa720d6708e260a90
  TagListView: 6dafd34a61021c6db72c0c8e3a044054c9854311
  TinyConstraints: 5ca700872f726c49d10829d7b00f31e4ec731f36
  UICKeyChainStore: 85db518bb1d294366d15ec9b92a416c4e670518f
  UIFontComplete: 5b0f59a83308816c610164b79a2540b3520f9b72
  URLNavigator: e8cea3835b3456d7876eb728831e742273c8d209

PODFILE CHECKSUM: 786eb2491049b2c6e62366643c40b7a3e27181d8

COCOAPODS: 1.6.0.beta.2
